
Microsoft Visual Studio Solution File, Format Version 12.00
# Visual Studio Version 16
VisualStudioVersion = 16.0.31112.23
MinimumVisualStudioVersion = 10.0.40219.1
Project("{FAE04EC0-301F-11D3-BF4B-00C04F79EFBC}") = "KanswataJR", "KanswataJR.csproj", "{E17B4BEB-7B75-4304-AC12-5FDA951593D7}"
EndProject
Global
	GlobalSection(SolutionConfigurationPlatforms) = preSolution
		Debug|Any CPU = Debug|Any CPU
		Release|Any CPU = Release|Any CPU
	EndGlobalSection
	GlobalSection(ProjectConfigurationPlatforms) = postSolution
		{E17B4BEB-7B75-4304-AC12-5FDA951593D7}.Debug|Any CPU.ActiveCfg = Debug|Any CPU
		{E17B4BEB-7B75-4304-AC12-5FDA951593D7}.Debug|Any CPU.Build.0 = Debug|Any CPU
		{E17B4BEB-7B75-4304-AC12-5FDA951593D7}.Release|Any CPU.ActiveCfg = Release|Any CPU
		{E17B4BEB-7B75-4304-AC12-5FDA951593D7}.Release|Any CPU.Build.0 = Release|Any CPU
	EndGlobalSection
	GlobalSection(SolutionProperties) = preSolution
		HideSolutionNode = FALSE
	EndGlobalSection
	GlobalSection(ExtensibilityGlobals) = postSolution
		SolutionGuid = {0C391040-E985-4674-90A3-60E3ED5E79DB}
	EndGlobalSection
EndGlobal
